
Microsoft Visual Studio Solution File, Format Version 12.00
# Visual Studio Version 17
VisualStudioVersion = 17.2.32526.322
MinimumVisualStudioVersion = 10.0.40219.1
Project("{9A19103F-16F7-4668-BE54-9A1E7A4F7556}") = "ForEach1", "ForEach1\ForEach1.csproj", "{68EA5A1E-AABC-4D66-A144-F269B0766398}"
EndProject
Project("{9A19103F-16F7-4668-BE54-9A1E7A4F7556}") = "ObjectArray", "ObjectArray\ObjectArray.csproj", "{6DC28FB1-787E-448B-816B-19B39D90896E}"
EndProject
Project("{9A19103F-16F7-4668-BE54-9A1E7A4F7556}") = "ArrayClass", "ArrayClass\ArrayClass.csproj", "{1946F396-6752-4D7B-92A1-8964DF36E5B2}"
EndProject
Project("{FAE04EC0-301F-11D3-BF4B-00C04F79EFBC}") = "Car", "Car\Car.csproj", "{62A77EBB-2F5A-487C-A1A6-93D8B51A0883}"
EndProject
Project("{FAE04EC0-301F-11D3-BF4B-00C04F79EFBC}") = "Program", "Program\Program.csproj", "{F6C70A1F-EB11-456F-9F51-337AA037202C}"
EndProject
Project("{FAE04EC0-301F-11D3-BF4B-00C04F79EFBC}") = "Window", "Window\Window.csproj", "{D67ABD3F-6883-4DC9-BE19-889B1B2C9978}"
EndProject
Global
	GlobalSection(SolutionConfigurationPlatforms) = preSolution
		Debug|Any CPU = Debug|Any CPU
		Release|Any CPU = Release|Any CPU
	EndGlobalSection
	GlobalSection(ProjectConfigurationPlatforms) = postSolution
		{68EA5A1E-AABC-4D66-A144-F269B0766398}.Debug|Any CPU.ActiveCfg = Debug|Any CPU
		{68EA5A1E-AABC-4D66-A144-F269B0766398}.Debug|Any CPU.Build.0 = Debug|Any CPU
		{68EA5A1E-AABC-4D66-A144-F269B0766398}.Release|Any CPU.ActiveCfg = Release|Any CPU
		{68EA5A1E-AABC-4D66-A144-F269B0766398}.Release|Any CPU.Build.0 = Release|Any CPU
		{6DC28FB1-787E-448B-816B-19B39D90896E}.Debug|Any CPU.ActiveCfg = Debug|Any CPU
		{6DC28FB1-787E-448B-816B-19B39D90896E}.Debug|Any CPU.Build.0 = Debug|Any CPU
		{6DC28FB1-787E-448B-816B-19B39D90896E}.Release|Any CPU.ActiveCfg = Release|Any CPU
		{6DC28FB1-787E-448B-816B-19B39D90896E}.Release|Any CPU.Build.0 = Release|Any CPU
		{1946F396-6752-4D7B-92A1-8964DF36E5B2}.Debug|Any CPU.ActiveCfg = Debug|Any CPU
		{1946F396-6752-4D7B-92A1-8964DF36E5B2}.Debug|Any CPU.Build.0 = Debug|Any CPU
		{1946F396-6752-4D7B-92A1-8964DF36E5B2}.Release|Any CPU.ActiveCfg = Release|Any CPU
		{1946F396-6752-4D7B-92A1-8964DF36E5B2}.Release|Any CPU.Build.0 = Release|Any CPU
		{62A77EBB-2F5A-487C-A1A6-93D8B51A0883}.Debug|Any CPU.ActiveCfg = Debug|Any CPU
		{62A77EBB-2F5A-487C-A1A6-93D8B51A0883}.Debug|Any CPU.Build.0 = Debug|Any CPU
		{62A77EBB-2F5A-487C-A1A6-93D8B51A0883}.Release|Any CPU.ActiveCfg = Release|Any CPU
		{62A77EBB-2F5A-487C-A1A6-93D8B51A0883}.Release|Any CPU.Build.0 = Release|Any CPU
		{F6C70A1F-EB11-456F-9F51-337AA037202C}.Debug|Any CPU.ActiveCfg = Debug|Any CPU
		{F6C70A1F-EB11-456F-9F51-337AA037202C}.Debug|Any CPU.Build.0 = Debug|Any CPU
		{F6C70A1F-EB11-456F-9F51-337AA037202C}.Release|Any CPU.ActiveCfg = Release|Any CPU
		{F6C70A1F-EB11-456F-9F51-337AA037202C}.Release|Any CPU.Build.0 = Release|Any CPU
		{D67ABD3F-6883-4DC9-BE19-889B1B2C9978}.Debug|Any CPU.ActiveCfg = Debug|Any CPU
		{D67ABD3F-6883-4DC9-BE19-889B1B2C9978}.Debug|Any CPU.Build.0 = Debug|Any CPU
		{D67ABD3F-6883-4DC9-BE19-889B1B2C9978}.Release|Any CPU.ActiveCfg = Release|Any CPU
		{D67ABD3F-6883-4DC9-BE19-889B1B2C9978}.Release|Any CPU.Build.0 = Release|Any CPU
	EndGlobalSection
	GlobalSection(SolutionProperties) = preSolution
		HideSolutionNode = FALSE
	EndGlobalSection
	GlobalSection(ExtensibilityGlobals) = postSolution
		SolutionGuid = {3F205F45-3D6E-4BA4-BDF3-733D08BC924A}
	EndGlobalSection
EndGlobal
